
Microsoft Visual Studio Solution File, Format Version 12.00
# Visual Studio 14
VisualStudioVersion = 14.0.25420.1
MinimumVisualStudioVersion = 10.0.40219.1
Project("{A07B5EB6-E848-4116-A8D0-A826331D98C6}") = "CalculatorApplication", "CalculatorApplication\CalculatorApplication.sfproj", "{33F34C97-7CF9-4B39-B61B-C210B3F484F9}"
EndProject
Project("{FAE04EC0-301F-11D3-BF4B-00C04F79EFBC}") = "CalculatorService", "CalculatorService\CalculatorService.csproj", "{672EC7B1-C3E2-4DB0-9B41-A710BC4AEED2}"
EndProject
Project("{FAE04EC0-301F-11D3-BF4B-00C04F79EFBC}") = "CalculatorClient", "CalculatorClient\CalculatorClient.csproj", "{3503DF4F-3FD8-4946-8EB9-E30DA8B1511E}"
EndProject
Global
	GlobalSection(SolutionConfigurationPlatforms) = preSolution
		Debug|Any CPU = Debug|Any CPU
		Debug|x64 = Debug|x64
		Release|Any CPU = Release|Any CPU
		Release|x64 = Release|x64
	EndGlobalSection
	GlobalSection(ProjectConfigurationPlatforms) = postSolution
		{33F34C97-7CF9-4B39-B61B-C210B3F484F9}.Debug|Any CPU.ActiveCfg = Debug|x64
		{33F34C97-7CF9-4B39-B61B-C210B3F484F9}.Debug|x64.ActiveCfg = Debug|x64
		{33F34C97-7CF9-4B39-B61B-C210B3F484F9}.Debug|x64.Build.0 = Debug|x64
		{33F34C97-7CF9-4B39-B61B-C210B3F484F9}.Debug|x64.Deploy.0 = Debug|x64
		{33F34C97-7CF9-4B39-B61B-C210B3F484F9}.Release|Any CPU.ActiveCfg = Release|x64
		{33F34C97-7CF9-4B39-B61B-C210B3F484F9}.Release|x64.ActiveCfg = Release|x64
		{33F34C97-7CF9-4B39-B61B-C210B3F484F9}.Release|x64.Build.0 = Release|x64
		{33F34C97-7CF9-4B39-B61B-C210B3F484F9}.Release|x64.Deploy.0 = Release|x64
		{672EC7B1-C3E2-4DB0-9B41-A710BC4AEED2}.Debug|Any CPU.ActiveCfg = Debug|x64
		{672EC7B1-C3E2-4DB0-9B41-A710BC4AEED2}.Debug|x64.ActiveCfg = Debug|x64
		{672EC7B1-C3E2-4DB0-9B41-A710BC4AEED2}.Debug|x64.Build.0 = Debug|x64
		{672EC7B1-C3E2-4DB0-9B41-A710BC4AEED2}.Release|Any CPU.ActiveCfg = Release|x64
		{672EC7B1-C3E2-4DB0-9B41-A710BC4AEED2}.Release|x64.ActiveCfg = Release|x64
		{672EC7B1-C3E2-4DB0-9B41-A710BC4AEED2}.Release|x64.Build.0 = Release|x64
		{3503DF4F-3FD8-4946-8EB9-E30DA8B1511E}.Debug|Any CPU.ActiveCfg = Debug|Any CPU
		{3503DF4F-3FD8-4946-8EB9-E30DA8B1511E}.Debug|Any CPU.Build.0 = Debug|Any CPU
		{3503DF4F-3FD8-4946-8EB9-E30DA8B1511E}.Debug|x64.ActiveCfg = Debug|Any CPU
		{3503DF4F-3FD8-4946-8EB9-E30DA8B1511E}.Debug|x64.Build.0 = Debug|Any CPU
		{3503DF4F-3FD8-4946-8EB9-E30DA8B1511E}.Release|Any CPU.ActiveCfg = Release|Any CPU
		{3503DF4F-3FD8-4946-8EB9-E30DA8B1511E}.Release|Any CPU.Build.0 = Release|Any CPU
		{3503DF4F-3FD8-4946-8EB9-E30DA8B1511E}.Release|x64.ActiveCfg = Release|Any CPU
		{3503DF4F-3FD8-4946-8EB9-E30DA8B1511E}.Release|x64.Build.0 = Release|Any CPU
	EndGlobalSection
	GlobalSection(SolutionProperties) = preSolution
		HideSolutionNode = FALSE
	EndGlobalSection
EndGlobal
