
Microsoft Visual Studio Solution File, Format Version 12.00
# Visual Studio 14
VisualStudioVersion = 14.0.25420.1
MinimumVisualStudioVersion = 10.0.40219.1
Project("{A07B5EB6-E848-4116-A8D0-A826331D98C6}") = "SimpleStoreApplication", "SimpleStoreApplication\SimpleStoreApplication.sfproj", "{6DB75A6A-251A-457F-949C-D80AED86B750}"
EndProject
Project("{FAE04EC0-301F-11D3-BF4B-00C04F79EFBC}") = "ShoppingCartService", "ShoppingCartService\ShoppingCartService.csproj", "{10C8F559-FB19-4CCF-8F7F-60A7BF54E4C8}"
EndProject
Global
	GlobalSection(SolutionConfigurationPlatforms) = preSolution
		Debug|x64 = Debug|x64
		Release|x64 = Release|x64
	EndGlobalSection
	GlobalSection(ProjectConfigurationPlatforms) = postSolution
		{6DB75A6A-251A-457F-949C-D80AED86B750}.Debug|x64.ActiveCfg = Debug|x64
		{6DB75A6A-251A-457F-949C-D80AED86B750}.Debug|x64.Build.0 = Debug|x64
		{6DB75A6A-251A-457F-949C-D80AED86B750}.Debug|x64.Deploy.0 = Debug|x64
		{6DB75A6A-251A-457F-949C-D80AED86B750}.Release|x64.ActiveCfg = Release|x64
		{6DB75A6A-251A-457F-949C-D80AED86B750}.Release|x64.Build.0 = Release|x64
		{6DB75A6A-251A-457F-949C-D80AED86B750}.Release|x64.Deploy.0 = Release|x64
		{10C8F559-FB19-4CCF-8F7F-60A7BF54E4C8}.Debug|x64.ActiveCfg = Debug|x64
		{10C8F559-FB19-4CCF-8F7F-60A7BF54E4C8}.Debug|x64.Build.0 = Debug|x64
		{10C8F559-FB19-4CCF-8F7F-60A7BF54E4C8}.Release|x64.ActiveCfg = Release|x64
		{10C8F559-FB19-4CCF-8F7F-60A7BF54E4C8}.Release|x64.Build.0 = Release|x64
	EndGlobalSection
	GlobalSection(SolutionProperties) = preSolution
		HideSolutionNode = FALSE
	EndGlobalSection
EndGlobal
